
Microsoft Visual Studio Solution File, Format Version 12.00
# Visual Studio Version 17
VisualStudioVersion = 17.12.35707.178 d17.12
MinimumVisualStudioVersion = 10.0.40219.1
Project("{FAE04EC0-301F-11D3-BF4B-00C04F79EFBC}") = "Revisao_ASP_NET_SQL", "Revisao_ASP_NET_SQL\Revisao_ASP_NET_SQL.csproj", "{48789CAA-5DAE-482F-81C4-989FF98B3447}"
EndProject
Global
	GlobalSection(SolutionConfigurationPlatforms) = preSolution
		Debug|Any CPU = Debug|Any CPU
		Release|Any CPU = Release|Any CPU
	EndGlobalSection
	GlobalSection(ProjectConfigurationPlatforms) = postSolution
		{48789CAA-5DAE-482F-81C4-989FF98B3447}.Debug|Any CPU.ActiveCfg = Debug|Any CPU
		{48789CAA-5DAE-482F-81C4-989FF98B3447}.Debug|Any CPU.Build.0 = Debug|Any CPU
		{48789CAA-5DAE-482F-81C4-989FF98B3447}.Release|Any CPU.ActiveCfg = Release|Any CPU
		{48789CAA-5DAE-482F-81C4-989FF98B3447}.Release|Any CPU.Build.0 = Release|Any CPU
	EndGlobalSection
	GlobalSection(SolutionProperties) = preSolution
		HideSolutionNode = FALSE
	EndGlobalSection
EndGlobal
